// !$*UTF8*$!
{
	archiveVersion = 1;
	classes = {
	};
	objectVersion = 56;
	objects = {

/* Begin PBXBuildFile section */
		001 /* SimpleTunesApp.swift in Sources */ = {isa = PBXBuildFile; fileRef = 101; };
		002 /* PlayerViewModel.swift in Sources */ = {isa = PBXBuildFile; fileRef = 102; };
		003 /* APICore.swift in Sources */ = {isa = PBXBuildFile; fileRef = 201; };
		004 /* LibraryAPI.swift in Sources */ = {isa = PBXBuildFile; fileRef = 202; };
		005 /* TrackAPI.swift in Sources */ = {isa = PBXBuildFile; fileRef = 203; };
		006 /* PlaylistAPI.swift in Sources */ = {isa = PBXBuildFile; fileRef = 204; };
		007 /* QueueAPI.swift in Sources */ = {isa = PBXBuildFile; fileRef = 205; };
		008 /* MediaAPI.swift in Sources */ = {isa = PBXBuildFile; fileRef = 206; };
		009 /* CoreModels.swift in Sources */ = {isa = PBXBuildFile; fileRef = 301; };
		010 /* QueueModels.swift in Sources */ = {isa = PBXBuildFile; fileRef = 302; };
		011 /* FeatureModels.swift in Sources */ = {isa = PBXBuildFile; fileRef = 303; };
		012 /* ResponseModels.swift in Sources */ = {isa = PBXBuildFile; fileRef = 304; };
		013 /* ContentView.swift in Sources */ = {isa = PBXBuildFile; fileRef = 401; };
		014 /* AlbumViews.swift in Sources */ = {isa = PBXBuildFile; fileRef = 402; };
		015 /* ArtistViews.swift in Sources */ = {isa = PBXBuildFile; fileRef = 403; };
		016 /* SmartListViews.swift in Sources */ = {isa = PBXBuildFile; fileRef = 404; };
		017 /* TrackListView.swift in Sources */ = {isa = PBXBuildFile; fileRef = 405; };
		018 /* NowPlayingBar.swift in Sources */ = {isa = PBXBuildFile; fileRef = 406; };
		019 /* PlaylistView.swift in Sources */ = {isa = PBXBuildFile; fileRef = 407; };
		020 /* QueuePanel.swift in Sources */ = {isa = PBXBuildFile; fileRef = 408; };
/* End PBXBuildFile section */

/* Begin PBXFileReference section */
		100 /* SimpleTunes.app */ = {isa = PBXFileReference; explicitFileType = wrapper.application; includeInIndex = 0; path = SimpleTunes.app; sourceTree = BUILT_PRODUCTS_DIR; };
		101 /* SimpleTunesApp.swift */ = {isa = PBXFileReference; lastKnownFileType = sourcecode.swift; path = SimpleTunesApp.swift; sourceTree = "<group>"; };
		102 /* PlayerViewModel.swift */ = {isa = PBXFileReference; lastKnownFileType = sourcecode.swift; path = PlayerViewModel.swift; sourceTree = "<group>"; };
		103 /* Info.plist */ = {isa = PBXFileReference; lastKnownFileType = text.plist.xml; path = Info.plist; sourceTree = "<group>"; };
		201 /* APICore.swift */ = {isa = PBXFileReference; lastKnownFileType = sourcecode.swift; path = APICore.swift; sourceTree = "<group>"; };
		202 /* LibraryAPI.swift */ = {isa = PBXFileReference; lastKnownFileType = sourcecode.swift; path = LibraryAPI.swift; sourceTree = "<group>"; };
		203 /* TrackAPI.swift */ = {isa = PBXFileReference; lastKnownFileType = sourcecode.swift; path = TrackAPI.swift; sourceTree = "<group>"; };
		204 /* PlaylistAPI.swift */ = {isa = PBXFileReference; lastKnownFileType = sourcecode.swift; path = PlaylistAPI.swift; sourceTree = "<group>"; };
		205 /* QueueAPI.swift */ = {isa = PBXFileReference; lastKnownFileType = sourcecode.swift; path = QueueAPI.swift; sourceTree = "<group>"; };
		206 /* MediaAPI.swift */ = {isa = PBXFileReference; lastKnownFileType = sourcecode.swift; path = MediaAPI.swift; sourceTree = "<group>"; };
		301 /* CoreModels.swift */ = {isa = PBXFileReference; lastKnownFileType = sourcecode.swift; path = CoreModels.swift; sourceTree = "<group>"; };
		302 /* QueueModels.swift */ = {isa = PBXFileReference; lastKnownFileType = sourcecode.swift; path = QueueModels.swift; sourceTree = "<group>"; };
		303 /* FeatureModels.swift */ = {isa = PBXFileReference; lastKnownFileType = sourcecode.swift; path = FeatureModels.swift; sourceTree = "<group>"; };
		304 /* ResponseModels.swift */ = {isa = PBXFileReference; lastKnownFileType = sourcecode.swift; path = ResponseModels.swift; sourceTree = "<group>"; };
		401 /* ContentView.swift */ = {isa = PBXFileReference; lastKnownFileType = sourcecode.swift; path = ContentView.swift; sourceTree = "<group>"; };
		402 /* AlbumViews.swift */ = {isa = PBXFileReference; lastKnownFileType = sourcecode.swift; path = AlbumViews.swift; sourceTree = "<group>"; };
		403 /* ArtistViews.swift */ = {isa = PBXFileReference; lastKnownFileType = sourcecode.swift; path = ArtistViews.swift; sourceTree = "<group>"; };
		404 /* SmartListViews.swift */ = {isa = PBXFileReference; lastKnownFileType = sourcecode.swift; path = SmartListViews.swift; sourceTree = "<group>"; };
		405 /* TrackListView.swift */ = {isa = PBXFileReference; lastKnownFileType = sourcecode.swift; path = TrackListView.swift; sourceTree = "<group>"; };
		406 /* NowPlayingBar.swift */ = {isa = PBXFileReference; lastKnownFileType = sourcecode.swift; path = NowPlayingBar.swift; sourceTree = "<group>"; };
		407 /* PlaylistView.swift */ = {isa = PBXFileReference; lastKnownFileType = sourcecode.swift; path = PlaylistView.swift; sourceTree = "<group>"; };
		408 /* QueuePanel.swift */ = {isa = PBXFileReference; lastKnownFileType = sourcecode.swift; path = QueuePanel.swift; sourceTree = "<group>"; };
/* End PBXFileReference section */

/* Begin PBXFrameworksBuildPhase section */
		500 /* Frameworks */ = {
			isa = PBXFrameworksBuildPhase;
			buildActionMask = 2147483647;
			files = (
			);
			runOnlyForDeploymentPostprocessing = 0;
		};
/* End PBXFrameworksBuildPhase section */

/* Begin PBXGroup section */
		600 = {
			isa = PBXGroup;
			children = (
				601 /* SimpleTunes */,
				602 /* Products */,
			);
			sourceTree = "<group>";
		};
		601 /* SimpleTunes */ = {
			isa = PBXGroup;
			children = (
				101 /* SimpleTunesApp.swift */,
				102 /* PlayerViewModel.swift */,
				103 /* Info.plist */,
				610 /* API */,
				620 /* Models */,
				630 /* Views */,
			);
			path = SimpleTunes;
			sourceTree = "<group>";
		};
		602 /* Products */ = {
			isa = PBXGroup;
			children = (
				100 /* SimpleTunes.app */,
			);
			name = Products;
			sourceTree = "<group>";
		};
		610 /* API */ = {
			isa = PBXGroup;
			children = (
				201 /* APICore.swift */,
				202 /* LibraryAPI.swift */,
				203 /* TrackAPI.swift */,
				204 /* PlaylistAPI.swift */,
				205 /* QueueAPI.swift */,
				206 /* MediaAPI.swift */,
			);
			path = API;
			sourceTree = "<group>";
		};
		620 /* Models */ = {
			isa = PBXGroup;
			children = (
				301 /* CoreModels.swift */,
				302 /* QueueModels.swift */,
				303 /* FeatureModels.swift */,
				304 /* ResponseModels.swift */,
			);
			path = Models;
			sourceTree = "<group>";
		};
		630 /* Views */ = {
			isa = PBXGroup;
			children = (
				401 /* ContentView.swift */,
				402 /* AlbumViews.swift */,
				403 /* ArtistViews.swift */,
				404 /* SmartListViews.swift */,
				405 /* TrackListView.swift */,
				406 /* NowPlayingBar.swift */,
				407 /* PlaylistView.swift */,
				408 /* QueuePanel.swift */,
			);
			path = Views;
			sourceTree = "<group>";
		};
/* End PBXGroup section */

/* Begin PBXNativeTarget section */
		700 /* SimpleTunes */ = {
			isa = PBXNativeTarget;
			buildConfigurationList = 800;
			buildPhases = (
				701 /* Sources */,
				500 /* Frameworks */,
			);
			buildRules = (
			);
			dependencies = (
			);
			name = SimpleTunes;
			productName = SimpleTunes;
			productReference = 100 /* SimpleTunes.app */;
			productType = "com.apple.product-type.application";
		};
/* End PBXNativeTarget section */

/* Begin PBXProject section */
		900 /* Project object */ = {
			isa = PBXProject;
			attributes = {
				BuildIndependentTargetsInParallel = 1;
				LastSwiftUpdateCheck = 1500;
				LastUpgradeCheck = 1500;
			};
			buildConfigurationList = 901;
			compatibilityVersion = "Xcode 14.0";
			developmentRegion = en;
			hasScannedForEncodings = 0;
			knownRegions = (en, Base);
			mainGroup = 600;
			productRefGroup = 602 /* Products */;
			projectDirPath = "";
			projectRoot = "";
			targets = (700 /* SimpleTunes */);
		};
/* End PBXProject section */

/* Begin PBXSourcesBuildPhase section */
		701 /* Sources */ = {
			isa = PBXSourcesBuildPhase;
			buildActionMask = 2147483647;
			files = (
				001,
				002,
				003,
				004,
				005,
				006,
				007,
				008,
				009,
				010,
				011,
				012,
				013,
				014,
				015,
				016,
				017,
				018,
				019,
				020,
			);
			runOnlyForDeploymentPostprocessing = 0;
		};
/* End PBXSourcesBuildPhase section */

/* Begin XCBuildConfiguration section */
		A00 /* Debug */ = {
			isa = XCBuildConfiguration;
			buildSettings = {
				ALWAYS_SEARCH_USER_PATHS = NO;
				CLANG_CXX_LANGUAGE_STANDARD = "gnu++20";
				CLANG_ENABLE_MODULES = YES;
				CLANG_ENABLE_OBJC_ARC = YES;
				COPY_PHASE_STRIP = NO;
				DEBUG_INFORMATION_FORMAT = dwarf;
				ENABLE_TESTABILITY = YES;
				GCC_OPTIMIZATION_LEVEL = 0;
				MACOSX_DEPLOYMENT_TARGET = 14.0;
				ONLY_ACTIVE_ARCH = YES;
				SDKROOT = macosx;
				SWIFT_ACTIVE_COMPILATION_CONDITIONS = DEBUG;
				SWIFT_OPTIMIZATION_LEVEL = "-Onone";
			};
			name = Debug;
		};
		A01 /* Release */ = {
			isa = XCBuildConfiguration;
			buildSettings = {
				ALWAYS_SEARCH_USER_PATHS = NO;
				CLANG_CXX_LANGUAGE_STANDARD = "gnu++20";
				CLANG_ENABLE_MODULES = YES;
				CLANG_ENABLE_OBJC_ARC = YES;
				COPY_PHASE_STRIP = NO;
				DEBUG_INFORMATION_FORMAT = "dwarf-with-dsym";
				ENABLE_NS_ASSERTIONS = NO;
				MACOSX_DEPLOYMENT_TARGET = 14.0;
				SDKROOT = macosx;
				SWIFT_COMPILATION_MODE = wholemodule;
			};
			name = Release;
		};
		A02 /* Debug */ = {
			isa = XCBuildConfiguration;
			buildSettings = {
				CODE_SIGN_STYLE = Automatic;
				COMBINE_HIDPI_IMAGES = YES;
				CURRENT_PROJECT_VERSION = 1;
				ENABLE_PREVIEWS = YES;
				GENERATE_INFOPLIST_FILE = YES;
				INFOPLIST_FILE = SimpleTunes/Info.plist;
				INFOPLIST_KEY_LSApplicationCategoryType = "public.app-category.music";
				LD_RUNPATH_SEARCH_PATHS = ("$(inherited)", "@executable_path/../Frameworks");
				MARKETING_VERSION = 1.0;
				PRODUCT_BUNDLE_IDENTIFIER = com.example.SimpleTunes;
				PRODUCT_NAME = "$(TARGET_NAME)";
				SWIFT_VERSION = 5.0;
			};
			name = Debug;
		};
		A03 /* Release */ = {
			isa = XCBuildConfiguration;
			buildSettings = {
				CODE_SIGN_STYLE = Automatic;
				COMBINE_HIDPI_IMAGES = YES;
				CURRENT_PROJECT_VERSION = 1;
				ENABLE_PREVIEWS = YES;
				GENERATE_INFOPLIST_FILE = YES;
				INFOPLIST_FILE = SimpleTunes/Info.plist;
				INFOPLIST_KEY_LSApplicationCategoryType = "public.app-category.music";
				LD_RUNPATH_SEARCH_PATHS = ("$(inherited)", "@executable_path/../Frameworks");
				MARKETING_VERSION = 1.0;
				PRODUCT_BUNDLE_IDENTIFIER = com.example.SimpleTunes;
				PRODUCT_NAME = "$(TARGET_NAME)";
				SWIFT_VERSION = 5.0;
			};
			name = Release;
		};
/* End XCBuildConfiguration section */

/* Begin XCConfigurationList section */
		800 = {
			isa = XCConfigurationList;
			buildConfigurations = (A02, A03);
			defaultConfigurationIsVisible = 0;
			defaultConfigurationName = Release;
		};
		901 = {
			isa = XCConfigurationList;
			buildConfigurations = (A00, A01);
			defaultConfigurationIsVisible = 0;
			defaultConfigurationName = Release;
		};
/* End XCConfigurationList section */
	};
	rootObject = 900 /* Project object */;
}
